
Microsoft Visual Studio Solution File, Format Version 12.00
# Visual Studio Version 17
VisualStudioVersion = 17.6.33815.320
MinimumVisualStudioVersion = 10.0.40219.1
Project("{9A19103F-16F7-4668-BE54-9A1E7A4F7556}") = "InMemory.Caching", "InMemory.Caching\InMemory.Caching.csproj", "{83D2814C-8A94-4F56-A1ED-03107AD5ACEC}"
EndProject
Project("{9A19103F-16F7-4668-BE54-9A1E7A4F7556}") = "Distributed.Caching", "Distributed.Caching\Distributed.Caching.csproj", "{A0AE73DA-4C39-45FE-A5D3-C606BC8A3BD8}"
EndProject
Project("{FAE04EC0-301F-11D3-BF4B-00C04F79EFBC}") = "Redis.Pub-Sub-Publisher-Example", "Redis.Pub-Sub-Example\Redis.Pub-Sub-Publisher-Example.csproj", "{A8E77C76-5169-46B6-94A6-5E36E7CE08A6}"
EndProject
Project("{FAE04EC0-301F-11D3-BF4B-00C04F79EFBC}") = "Redis.Pub-Sub-Subscribe-Example", "Redis.Pub-Sub-Subscribe-Example\Redis.Pub-Sub-Subscribe-Example.csproj", "{8D9151FF-0138-4691-9C5F-B3DA4F6D65B2}"
EndProject
Global
	GlobalSection(SolutionConfigurationPlatforms) = preSolution
		Debug|Any CPU = Debug|Any CPU
		Release|Any CPU = Release|Any CPU
	EndGlobalSection
	GlobalSection(ProjectConfigurationPlatforms) = postSolution
		{83D2814C-8A94-4F56-A1ED-03107AD5ACEC}.Debug|Any CPU.ActiveCfg = Debug|Any CPU
		{83D2814C-8A94-4F56-A1ED-03107AD5ACEC}.Debug|Any CPU.Build.0 = Debug|Any CPU
		{83D2814C-8A94-4F56-A1ED-03107AD5ACEC}.Release|Any CPU.ActiveCfg = Release|Any CPU
		{83D2814C-8A94-4F56-A1ED-03107AD5ACEC}.Release|Any CPU.Build.0 = Release|Any CPU
		{A0AE73DA-4C39-45FE-A5D3-C606BC8A3BD8}.Debug|Any CPU.ActiveCfg = Debug|Any CPU
		{A0AE73DA-4C39-45FE-A5D3-C606BC8A3BD8}.Debug|Any CPU.Build.0 = Debug|Any CPU
		{A0AE73DA-4C39-45FE-A5D3-C606BC8A3BD8}.Release|Any CPU.ActiveCfg = Release|Any CPU
		{A0AE73DA-4C39-45FE-A5D3-C606BC8A3BD8}.Release|Any CPU.Build.0 = Release|Any CPU
		{A8E77C76-5169-46B6-94A6-5E36E7CE08A6}.Debug|Any CPU.ActiveCfg = Debug|Any CPU
		{A8E77C76-5169-46B6-94A6-5E36E7CE08A6}.Debug|Any CPU.Build.0 = Debug|Any CPU
		{A8E77C76-5169-46B6-94A6-5E36E7CE08A6}.Release|Any CPU.ActiveCfg = Release|Any CPU
		{A8E77C76-5169-46B6-94A6-5E36E7CE08A6}.Release|Any CPU.Build.0 = Release|Any CPU
		{8D9151FF-0138-4691-9C5F-B3DA4F6D65B2}.Debug|Any CPU.ActiveCfg = Debug|Any CPU
		{8D9151FF-0138-4691-9C5F-B3DA4F6D65B2}.Debug|Any CPU.Build.0 = Debug|Any CPU
		{8D9151FF-0138-4691-9C5F-B3DA4F6D65B2}.Release|Any CPU.ActiveCfg = Release|Any CPU
		{8D9151FF-0138-4691-9C5F-B3DA4F6D65B2}.Release|Any CPU.Build.0 = Release|Any CPU
	EndGlobalSection
	GlobalSection(SolutionProperties) = preSolution
		HideSolutionNode = FALSE
	EndGlobalSection
	GlobalSection(ExtensibilityGlobals) = postSolution
		SolutionGuid = {5E183C70-1C5D-4787-B4B8-98DF8D9B7129}
	EndGlobalSection
EndGlobal
